
Microsoft Visual Studio Solution File, Format Version 12.00
# Visual Studio Version 17
VisualStudioVersion = 17.14.37012.4 d17.14
MinimumVisualStudioVersion = 10.0.40219.1
Project("{FAE04EC0-301F-11D3-BF4B-00C04F79EFBC}") = "ApiProyecto1", "ApiProyecto1\ApiProyecto1.csproj", "{17F4098C-6346-4893-B536-0B8337351770}"
EndProject
Global
	GlobalSection(SolutionConfigurationPlatforms) = preSolution
		Debug|Any CPU = Debug|Any CPU
		Release|Any CPU = Release|Any CPU
	EndGlobalSection
	GlobalSection(ProjectConfigurationPlatforms) = postSolution
		{17F4098C-6346-4893-B536-0B8337351770}.Debug|Any CPU.ActiveCfg = Debug|Any CPU
		{17F4098C-6346-4893-B536-0B8337351770}.Debug|Any CPU.Build.0 = Debug|Any CPU
		{17F4098C-6346-4893-B536-0B8337351770}.Release|Any CPU.ActiveCfg = Release|Any CPU
		{17F4098C-6346-4893-B536-0B8337351770}.Release|Any CPU.Build.0 = Release|Any CPU
	EndGlobalSection
	GlobalSection(SolutionProperties) = preSolution
		HideSolutionNode = FALSE
	EndGlobalSection
	GlobalSection(ExtensibilityGlobals) = postSolution
		SolutionGuid = {757E7692-F657-426F-BE78-64B2AE3C8CF8}
	EndGlobalSection
EndGlobal
